
Microsoft Visual Studio Solution File, Format Version 12.00
# Visual Studio Version 17
VisualStudioVersion = 17.6.33829.357
MinimumVisualStudioVersion = 10.0.40219.1
Project("{9A19103F-16F7-4668-BE54-9A1E7A4F7556}") = "MyProject", "MyProject\MyProject.csproj", "{8CBC4DDB-DC39-4C8A-9B3E-A379827D8CD8}"
EndProject
Project("{9A19103F-16F7-4668-BE54-9A1E7A4F7556}") = "Dal", "Dal\Dal.csproj", "{0C58C5A9-86F9-4B3D-ADC5-8C497ED8D556}"
EndProject
Project("{FAE04EC0-301F-11D3-BF4B-00C04F79EFBC}") = "Bl", "Bl\Bl.csproj", "{6209DB6B-1896-49F4-A32F-C56A8A394BAA}"
EndProject
Global
	GlobalSection(SolutionConfigurationPlatforms) = preSolution
		Debug|Any CPU = Debug|Any CPU
		Release|Any CPU = Release|Any CPU
	EndGlobalSection
	GlobalSection(ProjectConfigurationPlatforms) = postSolution
		{8CBC4DDB-DC39-4C8A-9B3E-A379827D8CD8}.Debug|Any CPU.ActiveCfg = Debug|Any CPU
		{8CBC4DDB-DC39-4C8A-9B3E-A379827D8CD8}.Debug|Any CPU.Build.0 = Debug|Any CPU
		{8CBC4DDB-DC39-4C8A-9B3E-A379827D8CD8}.Release|Any CPU.ActiveCfg = Release|Any CPU
		{8CBC4DDB-DC39-4C8A-9B3E-A379827D8CD8}.Release|Any CPU.Build.0 = Release|Any CPU
		{0C58C5A9-86F9-4B3D-ADC5-8C497ED8D556}.Debug|Any CPU.ActiveCfg = Debug|Any CPU
		{0C58C5A9-86F9-4B3D-ADC5-8C497ED8D556}.Debug|Any CPU.Build.0 = Debug|Any CPU
		{0C58C5A9-86F9-4B3D-ADC5-8C497ED8D556}.Release|Any CPU.ActiveCfg = Release|Any CPU
		{0C58C5A9-86F9-4B3D-ADC5-8C497ED8D556}.Release|Any CPU.Build.0 = Release|Any CPU
		{6209DB6B-1896-49F4-A32F-C56A8A394BAA}.Debug|Any CPU.ActiveCfg = Debug|Any CPU
		{6209DB6B-1896-49F4-A32F-C56A8A394BAA}.Debug|Any CPU.Build.0 = Debug|Any CPU
		{6209DB6B-1896-49F4-A32F-C56A8A394BAA}.Release|Any CPU.ActiveCfg = Release|Any CPU
		{6209DB6B-1896-49F4-A32F-C56A8A394BAA}.Release|Any CPU.Build.0 = Release|Any CPU
	EndGlobalSection
	GlobalSection(SolutionProperties) = preSolution
		HideSolutionNode = FALSE
	EndGlobalSection
	GlobalSection(ExtensibilityGlobals) = postSolution
		SolutionGuid = {F75F3E40-A35A-44FC-A149-E0ECA8F3DA4C}
	EndGlobalSection
EndGlobal
